// !$*UTF8*$!
{
	archiveVersion = 1;
	classes = {
	};
	objectVersion = 44;
	objects = {

/* Begin PBXBuildFile section */
		020A3649104861CA00C76517 /* AppController.rb in Resources */ = {isa = PBXBuildFile; fileRef = 020A363B104861CA00C76517 /* AppController.rb */; };
		020A364A104861CA00C76517 /* InfoWindowController.rb in Resources */ = {isa = PBXBuildFile; fileRef = 020A363C104861CA00C76517 /* InfoWindowController.rb */; };
		020A364B104861CA00C76517 /* PreferencesWindowController.rb in Resources */ = {isa = PBXBuildFile; fileRef = 020A363D104861CA00C76517 /* PreferencesWindowController.rb */; };
		020A364C104861CA00C76517 /* ResultsController.rb in Resources */ = {isa = PBXBuildFile; fileRef = 020A363E104861CA00C76517 /* ResultsController.rb */; };
		020A364D104861CA00C76517 /* Client.rb in Resources */ = {isa = PBXBuildFile; fileRef = 020A3640104861CA00C76517 /* Client.rb */; };
		020A364E104861CA00C76517 /* main.m in Sources */ = {isa = PBXBuildFile; fileRef = 020A3641104861CA00C76517 /* main.m */; };
		020A364F104861CA00C76517 /* Language.rb in Resources */ = {isa = PBXBuildFile; fileRef = 020A3643104861CA00C76517 /* Language.rb */; };
		020A3650104861CA00C76517 /* Movie.rb in Resources */ = {isa = PBXBuildFile; fileRef = 020A3644104861CA00C76517 /* Movie.rb */; };
		020A3651104861CA00C76517 /* Subtitle.rb in Resources */ = {isa = PBXBuildFile; fileRef = 020A3645104861CA00C76517 /* Subtitle.rb */; };
		020A3652104861CA00C76517 /* rb_main.rb in Resources */ = {isa = PBXBuildFile; fileRef = 020A3646104861CA00C76517 /* rb_main.rb */; };
		020A3653104861CA00C76517 /* ResultsOutlineView.rb in Resources */ = {isa = PBXBuildFile; fileRef = 020A3648104861CA00C76517 /* ResultsOutlineView.rb */; };
		02E046DD104867FD00C5C0EE /* XMLRPC.framework in Frameworks */ = {isa = PBXBuildFile; fileRef = 02E046DC104867FD00C5C0EE /* XMLRPC.framework */; };
		02E046E01048681600C5C0EE /* XMLRPC.framework in CopyFiles */ = {isa = PBXBuildFile; fileRef = 02E046DC104867FD00C5C0EE /* XMLRPC.framework */; };
		26346C340F6A1C0C00CCAF71 /* dsa_pub.pem in Resources */ = {isa = PBXBuildFile; fileRef = 26346C330F6A1C0C00CCAF71 /* dsa_pub.pem */; };
		265F16210FA8715E009203C7 /* Acknowledgments.rtf in Resources */ = {isa = PBXBuildFile; fileRef = 265F161F0FA8715E009203C7 /* Acknowledgments.rtf */; };
		265F16220FA8715E009203C7 /* License.rtf in Resources */ = {isa = PBXBuildFile; fileRef = 265F16200FA8715E009203C7 /* License.rtf */; };
		265F16240FA87168009203C7 /* Readme.rtf in Resources */ = {isa = PBXBuildFile; fileRef = 265F16230FA87168009203C7 /* Readme.rtf */; };
		265F16500FA87B07009203C7 /* EMKeychain.framework in Frameworks */ = {isa = PBXBuildFile; fileRef = 265F164F0FA87B07009203C7 /* EMKeychain.framework */; };
		265F16530FA87B0F009203C7 /* EMKeychain.framework in CopyFiles */ = {isa = PBXBuildFile; fileRef = 265F164F0FA87B07009203C7 /* EMKeychain.framework */; };
		267795930F8C1CED00ADFA7E /* BWToolkitFramework.framework in Frameworks */ = {isa = PBXBuildFile; fileRef = 265771120F8AC0FD00C5921F /* BWToolkitFramework.framework */; };
		267795940F8C1CED00ADFA7E /* Sparkle.framework in Frameworks */ = {isa = PBXBuildFile; fileRef = 2613C14C0F6A0AF40057DB8A /* Sparkle.framework */; };
		267795950F8C1CFA00ADFA7E /* BWToolkitFramework.framework in CopyFiles */ = {isa = PBXBuildFile; fileRef = 265771120F8AC0FD00C5921F /* BWToolkitFramework.framework */; };
		267795960F8C1CFA00ADFA7E /* Sparkle.framework in CopyFiles */ = {isa = PBXBuildFile; fileRef = 2613C14C0F6A0AF40057DB8A /* Sparkle.framework */; };
		2680CD910F6617A400274EFD /* ar.png in Resources */ = {isa = PBXBuildFile; fileRef = 2680CD5F0F6617A400274EFD /* ar.png */; };
		2680CD920F6617A400274EFD /* ay.png in Resources */ = {isa = PBXBuildFile; fileRef = 2680CD600F6617A400274EFD /* ay.png */; };
		2680CD930F6617A400274EFD /* bg.png in Resources */ = {isa = PBXBuildFile; fileRef = 2680CD610F6617A400274EFD /* bg.png */; };
		2680CD940F6617A400274EFD /* bs.png in Resources */ = {isa = PBXBuildFile; fileRef = 2680CD620F6617A400274EFD /* bs.png */; };
		2680CD950F6617A400274EFD /* ca.png in Resources */ = {isa = PBXBuildFile; fileRef = 2680CD630F6617A400274EFD /* ca.png */; };
		2680CD960F6617A400274EFD /* cs.png in Resources */ = {isa = PBXBuildFile; fileRef = 2680CD640F6617A400274EFD /* cs.png */; };
		2680CD970F6617A400274EFD /* da.png in Resources */ = {isa = PBXBuildFile; fileRef = 2680CD650F6617A400274EFD /* da.png */; };
		2680CD980F6617A400274EFD /* de.png in Resources */ = {isa = PBXBuildFile; fileRef = 2680CD660F6617A400274EFD /* de.png */; };
		2680CD990F6617A400274EFD /* el.png in Resources */ = {isa = PBXBuildFile; fileRef = 2680CD670F6617A400274EFD /* el.png */; };
		2680CD9A0F6617A400274EFD /* en.png in Resources */ = {isa = PBXBuildFile; fileRef = 2680CD680F6617A400274EFD /* en.png */; };
		2680CD9B0F6617A400274EFD /* es.png in Resources */ = {isa = PBXBuildFile; fileRef = 2680CD690F6617A400274EFD /* es.png */; };
		2680CD9C0F6617A400274EFD /* et.png in Resources */ = {isa = PBXBuildFile; fileRef = 2680CD6A0F6617A400274EFD /* et.png */; };
		2680CD9D0F6617A400274EFD /* fa.png in Resources */ = {isa = PBXBuildFile; fileRef = 2680CD6B0F6617A400274EFD /* fa.png */; };
		2680CD9E0F6617A400274EFD /* fi.png in Resources */ = {isa = PBXBuildFile; fileRef = 2680CD6C0F6617A400274EFD /* fi.png */; };
		2680CD9F0F6617A400274EFD /* fr.png in Resources */ = {isa = PBXBuildFile; fileRef = 2680CD6D0F6617A400274EFD /* fr.png */; };
		2680CDA00F6617A400274EFD /* gl.png in Resources */ = {isa = PBXBuildFile; fileRef = 2680CD6E0F6617A400274EFD /* gl.png */; };
		2680CDA10F6617A400274EFD /* he.png in Resources */ = {isa = PBXBuildFile; fileRef = 2680CD6F0F6617A400274EFD /* he.png */; };
		2680CDA20F6617A400274EFD /* hi.png in Resources */ = {isa = PBXBuildFile; fileRef = 2680CD700F6617A400274EFD /* hi.png */; };
		2680CDA30F6617A400274EFD /* hr.png in Resources */ = {isa = PBXBuildFile; fileRef = 2680CD710F6617A400274EFD /* hr.png */; };
		2680CDA40F6617A400274EFD /* hu.png in Resources */ = {isa = PBXBuildFile; fileRef = 2680CD720F6617A400274EFD /* hu.png */; };
		2680CDA50F6617A400274EFD /* hy.png in Resources */ = {isa = PBXBuildFile; fileRef = 2680CD730F6617A400274EFD /* hy.png */; };
		2680CDA60F6617A400274EFD /* id.png in Resources */ = {isa = PBXBuildFile; fileRef = 2680CD740F6617A400274EFD /* id.png */; };
		2680CDA70F6617A400274EFD /* is.png in Resources */ = {isa = PBXBuildFile; fileRef = 2680CD750F6617A400274EFD /* is.png */; };
		2680CDA80F6617A400274EFD /* it.png in Resources */ = {isa = PBXBuildFile; fileRef = 2680CD760F6617A400274EFD /* it.png */; };
		2680CDA90F6617A400274EFD /* ja.png in Resources */ = {isa = PBXBuildFile; fileRef = 2680CD770F6617A400274EFD /* ja.png */; };
		2680CDAA0F6617A400274EFD /* ka.png in Resources */ = {isa = PBXBuildFile; fileRef = 2680CD780F6617A400274EFD /* ka.png */; };
		2680CDAB0F6617A400274EFD /* kk.png in Resources */ = {isa = PBXBuildFile; fileRef = 2680CD790F6617A400274EFD /* kk.png */; };
		2680CDAC0F6617A400274EFD /* ko.png in Resources */ = {isa = PBXBuildFile; fileRef = 2680CD7A0F6617A400274EFD /* ko.png */; };
		2680CDAD0F6617A400274EFD /* lb.png in Resources */ = {isa = PBXBuildFile; fileRef = 2680CD7B0F6617A400274EFD /* lb.png */; };
		2680CDAE0F6617A400274EFD /* lt.png in Resources */ = {isa = PBXBuildFile; fileRef = 2680CD7C0F6617A400274EFD /* lt.png */; };
		2680CDAF0F6617A400274EFD /* lv.png in Resources */ = {isa = PBXBuildFile; fileRef = 2680CD7D0F6617A400274EFD /* lv.png */; };
		2680CDB00F6617A400274EFD /* mk.png in Resources */ = {isa = PBXBuildFile; fileRef = 2680CD7E0F6617A400274EFD /* mk.png */; };
		2680CDB10F6617A400274EFD /* ms.png in Resources */ = {isa = PBXBuildFile; fileRef = 2680CD7F0F6617A400274EFD /* ms.png */; };
		2680CDB20F6617A400274EFD /* nl.png in Resources */ = {isa = PBXBuildFile; fileRef = 2680CD800F6617A400274EFD /* nl.png */; };
		2680CDB30F6617A400274EFD /* no.png in Resources */ = {isa = PBXBuildFile; fileRef = 2680CD810F6617A400274EFD /* no.png */; };
		2680CDB40F6617A400274EFD /* pb.png in Resources */ = {isa = PBXBuildFile; fileRef = 2680CD820F6617A400274EFD /* pb.png */; };
		2680CDB50F6617A400274EFD /* pl.png in Resources */ = {isa = PBXBuildFile; fileRef = 2680CD830F6617A400274EFD /* pl.png */; };
		2680CDB60F6617A400274EFD /* pt.png in Resources */ = {isa = PBXBuildFile; fileRef = 2680CD840F6617A400274EFD /* pt.png */; };
		2680CDB70F6617A400274EFD /* ro.png in Resources */ = {isa = PBXBuildFile; fileRef = 2680CD850F6617A400274EFD /* ro.png */; };
		2680CDB80F6617A400274EFD /* ru.png in Resources */ = {isa = PBXBuildFile; fileRef = 2680CD860F6617A400274EFD /* ru.png */; };
		2680CDB90F6617A400274EFD /* sk.png in Resources */ = {isa = PBXBuildFile; fileRef = 2680CD870F6617A400274EFD /* sk.png */; };
		2680CDBA0F6617A400274EFD /* sl.png in Resources */ = {isa = PBXBuildFile; fileRef = 2680CD880F6617A400274EFD /* sl.png */; };
		2680CDBB0F6617A400274EFD /* sq.png in Resources */ = {isa = PBXBuildFile; fileRef = 2680CD890F6617A400274EFD /* sq.png */; };
		2680CDBC0F6617A400274EFD /* sr.png in Resources */ = {isa = PBXBuildFile; fileRef = 2680CD8A0F6617A400274EFD /* sr.png */; };
		2680CDBD0F6617A400274EFD /* sv.png in Resources */ = {isa = PBXBuildFile; fileRef = 2680CD8B0F6617A400274EFD /* sv.png */; };
		2680CDBE0F6617A400274EFD /* th.png in Resources */ = {isa = PBXBuildFile; fileRef = 2680CD8C0F6617A400274EFD /* th.png */; };
		2680CDBF0F6617A400274EFD /* tr.png in Resources */ = {isa = PBXBuildFile; fileRef = 2680CD8D0F6617A400274EFD /* tr.png */; };
		2680CDC00F6617A400274EFD /* uk.png in Resources */ = {isa = PBXBuildFile; fileRef = 2680CD8E0F6617A400274EFD /* uk.png */; };
		2680CDC10F6617A400274EFD /* vi.png in Resources */ = {isa = PBXBuildFile; fileRef = 2680CD8F0F6617A400274EFD /* vi.png */; };
		2680CDC20F6617A400274EFD /* zh.png in Resources */ = {isa = PBXBuildFile; fileRef = 2680CD900F6617A400274EFD /* zh.png */; };
		26EC9EF50F6B3DFC0045F973 /* unknown.png in Resources */ = {isa = PBXBuildFile; fileRef = 26EC9EF40F6B3DFC0045F973 /* unknown.png */; };
		26EFE7960F31E8FA00B1B95F /* Rakefile in Resources */ = {isa = PBXBuildFile; fileRef = 26EFE7930F31E8FA00B1B95F /* Rakefile */; };
		4DDCA7060ACC9A6100E082CE /* MainMenu.nib in Resources */ = {isa = PBXBuildFile; fileRef = 29B97318FDCFA39411CA2CEA /* MainMenu.nib */; };
		4DDCA7070ACC9A6100E082CE /* InfoPlist.strings in Resources */ = {isa = PBXBuildFile; fileRef = 089C165CFE840E0CC02AAC07 /* InfoPlist.strings */; };
		4DDCA70C0ACC9A6100E082CE /* Cocoa.framework in Frameworks */ = {isa = PBXBuildFile; fileRef = 1058C7A1FEA54F0111CA2CBB /* Cocoa.framework */; };
		4DDCA70D0ACC9A6100E082CE /* RubyCocoa.framework in Frameworks */ = {isa = PBXBuildFile; fileRef = E8F5E24E03AEB6EC03A81C6F /* RubyCocoa.framework */; };
/* End PBXBuildFile section */

/* Begin PBXCopyFilesBuildPhase section */
		2613C16D0F6A0B150057DB8A /* CopyFiles */ = {
			isa = PBXCopyFilesBuildPhase;
			buildActionMask = 2147483647;
			dstPath = "";
			dstSubfolderSpec = 10;
			files = (
				02E046E01048681600C5C0EE /* XMLRPC.framework in CopyFiles */,
				265F16530FA87B0F009203C7 /* EMKeychain.framework in CopyFiles */,
				267795950F8C1CFA00ADFA7E /* BWToolkitFramework.framework in CopyFiles */,
				267795960F8C1CFA00ADFA7E /* Sparkle.framework in CopyFiles */,
			);
			runOnlyForDeploymentPostprocessing = 0;
		};
/* End PBXCopyFilesBuildPhase section */

/* Begin PBXFileReference section */
		020A363B104861CA00C76517 /* AppController.rb */ = {isa = PBXFileReference; fileEncoding = 4; lastKnownFileType = text.script.ruby; path = AppController.rb; sourceTree = "<group>"; };
		020A363C104861CA00C76517 /* InfoWindowController.rb */ = {isa = PBXFileReference; fileEncoding = 4; lastKnownFileType = text.script.ruby; path = InfoWindowController.rb; sourceTree = "<group>"; };
		020A363D104861CA00C76517 /* PreferencesWindowController.rb */ = {isa = PBXFileReference; fileEncoding = 4; lastKnownFileType = text.script.ruby; path = PreferencesWindowController.rb; sourceTree = "<group>"; };
		020A363E104861CA00C76517 /* ResultsController.rb */ = {isa = PBXFileReference; fileEncoding = 4; lastKnownFileType = text.script.ruby; path = ResultsController.rb; sourceTree = "<group>"; };
		020A3640104861CA00C76517 /* Client.rb */ = {isa = PBXFileReference; fileEncoding = 4; lastKnownFileType = text.script.ruby; path = Client.rb; sourceTree = "<group>"; };
		020A3641104861CA00C76517 /* main.m */ = {isa = PBXFileReference; fileEncoding = 4; lastKnownFileType = sourcecode.c.objc; name = main.m; path = Classes/main.m; sourceTree = "<group>"; };
		020A3643104861CA00C76517 /* Language.rb */ = {isa = PBXFileReference; fileEncoding = 4; lastKnownFileType = text.script.ruby; path = Language.rb; sourceTree = "<group>"; };
		020A3644104861CA00C76517 /* Movie.rb */ = {isa = PBXFileReference; fileEncoding = 4; lastKnownFileType = text.script.ruby; path = Movie.rb; sourceTree = "<group>"; };
		020A3645104861CA00C76517 /* Subtitle.rb */ = {isa = PBXFileReference; fileEncoding = 4; lastKnownFileType = text.script.ruby; path = Subtitle.rb; sourceTree = "<group>"; };
		020A3646104861CA00C76517 /* rb_main.rb */ = {isa = PBXFileReference; fileEncoding = 4; lastKnownFileType = text.script.ruby; name = rb_main.rb; path = Classes/rb_main.rb; sourceTree = "<group>"; };
		020A3648104861CA00C76517 /* ResultsOutlineView.rb */ = {isa = PBXFileReference; fileEncoding = 4; lastKnownFileType = text.script.ruby; path = ResultsOutlineView.rb; sourceTree = "<group>"; };
		02E046DC104867FD00C5C0EE /* XMLRPC.framework */ = {isa = PBXFileReference; lastKnownFileType = wrapper.framework; path = XMLRPC.framework; sourceTree = "<group>"; };
		089C165DFE840E0CC02AAC07 /* English */ = {isa = PBXFileReference; fileEncoding = 10; lastKnownFileType = text.plist.strings; name = English; path = English.lproj/InfoPlist.strings; sourceTree = "<group>"; };
		1058C7A1FEA54F0111CA2CBB /* Cocoa.framework */ = {isa = PBXFileReference; lastKnownFileType = wrapper.framework; name = Cocoa.framework; path = /System/Library/Frameworks/Cocoa.framework; sourceTree = "<absolute>"; };
		2613C14C0F6A0AF40057DB8A /* Sparkle.framework */ = {isa = PBXFileReference; lastKnownFileType = wrapper.framework; path = Sparkle.framework; sourceTree = "<group>"; };
		26346C330F6A1C0C00CCAF71 /* dsa_pub.pem */ = {isa = PBXFileReference; fileEncoding = 4; lastKnownFileType = text; path = dsa_pub.pem; sourceTree = "<group>"; };
		265771120F8AC0FD00C5921F /* BWToolkitFramework.framework */ = {isa = PBXFileReference; lastKnownFileType = wrapper.framework; path = BWToolkitFramework.framework; sourceTree = "<group>"; };
		265F161F0FA8715E009203C7 /* Acknowledgments.rtf */ = {isa = PBXFileReference; lastKnownFileType = text.rtf; path = Acknowledgments.rtf; sourceTree = "<group>"; };
		265F16200FA8715E009203C7 /* License.rtf */ = {isa = PBXFileReference; lastKnownFileType = text.rtf; path = License.rtf; sourceTree = "<group>"; };
		265F16230FA87168009203C7 /* Readme.rtf */ = {isa = PBXFileReference; lastKnownFileType = text.rtf; path = Readme.rtf; sourceTree = "<group>"; };
		265F164F0FA87B07009203C7 /* EMKeychain.framework */ = {isa = PBXFileReference; lastKnownFileType = wrapper.framework; path = EMKeychain.framework; sourceTree = "<group>"; };
		2680CD5F0F6617A400274EFD /* ar.png */ = {isa = PBXFileReference; lastKnownFileType = image.png; path = ar.png; sourceTree = "<group>"; };
		2680CD600F6617A400274EFD /* ay.png */ = {isa = PBXFileReference; lastKnownFileType = image.png; path = ay.png; sourceTree = "<group>"; };
		2680CD610F6617A400274EFD /* bg.png */ = {isa = PBXFileReference; lastKnownFileType = image.png; path = bg.png; sourceTree = "<group>"; };
		2680CD620F6617A400274EFD /* bs.png */ = {isa = PBXFileReference; lastKnownFileType = image.png; path = bs.png; sourceTree = "<group>"; };
		2680CD630F6617A400274EFD /* ca.png */ = {isa = PBXFileReference; lastKnownFileType = image.png; path = ca.png; sourceTree = "<group>"; };
		2680CD640F6617A400274EFD /* cs.png */ = {isa = PBXFileReference; lastKnownFileType = image.png; path = cs.png; sourceTree = "<group>"; };
		2680CD650F6617A400274EFD /* da.png */ = {isa = PBXFileReference; lastKnownFileType = image.png; path = da.png; sourceTree = "<group>"; };
		2680CD660F6617A400274EFD /* de.png */ = {isa = PBXFileReference; lastKnownFileType = image.png; path = de.png; sourceTree = "<group>"; };
		2680CD670F6617A400274EFD /* el.png */ = {isa = PBXFileReference; lastKnownFileType = image.png; path = el.png; sourceTree = "<group>"; };
		2680CD680F6617A400274EFD /* en.png */ = {isa = PBXFileReference; lastKnownFileType = image.png; path = en.png; sourceTree = "<group>"; };
		2680CD690F6617A400274EFD /* es.png */ = {isa = PBXFileReference; lastKnownFileType = image.png; path = es.png; sourceTree = "<group>"; };
		2680CD6A0F6617A400274EFD /* et.png */ = {isa = PBXFileReference; lastKnownFileType = image.png; path = et.png; sourceTree = "<group>"; };
		2680CD6B0F6617A400274EFD /* fa.png */ = {isa = PBXFileReference; lastKnownFileType = image.png; path = fa.png; sourceTree = "<group>"; };
		2680CD6C0F6617A400274EFD /* fi.png */ = {isa = PBXFileReference; lastKnownFileType = image.png; path = fi.png; sourceTree = "<group>"; };
		2680CD6D0F6617A400274EFD /* fr.png */ = {isa = PBXFileReference; lastKnownFileType = image.png; path = fr.png; sourceTree = "<group>"; };
		2680CD6E0F6617A400274EFD /* gl.png */ = {isa = PBXFileReference; lastKnownFileType = image.png; path = gl.png; sourceTree = "<group>"; };
		2680CD6F0F6617A400274EFD /* he.png */ = {isa = PBXFileReference; lastKnownFileType = image.png; path = he.png; sourceTree = "<group>"; };
		2680CD700F6617A400274EFD /* hi.png */ = {isa = PBXFileReference; lastKnownFileType = image.png; path = hi.png; sourceTree = "<group>"; };
		2680CD710F6617A400274EFD /* hr.png */ = {isa = PBXFileReference; lastKnownFileType = image.png; path = hr.png; sourceTree = "<group>"; };
		2680CD720F6617A400274EFD /* hu.png */ = {isa = PBXFileReference; lastKnownFileType = image.png; path = hu.png; sourceTree = "<group>"; };
		2680CD730F6617A400274EFD /* hy.png */ = {isa = PBXFileReference; lastKnownFileType = image.png; path = hy.png; sourceTree = "<group>"; };
		2680CD740F6617A400274EFD /* id.png */ = {isa = PBXFileReference; lastKnownFileType = image.png; path = id.png; sourceTree = "<group>"; };
		2680CD750F6617A400274EFD /* is.png */ = {isa = PBXFileReference; lastKnownFileType = image.png; path = is.png; sourceTree = "<group>"; };
		2680CD760F6617A400274EFD /* it.png */ = {isa = PBXFileReference; lastKnownFileType = image.png; path = it.png; sourceTree = "<group>"; };
		2680CD770F6617A400274EFD /* ja.png */ = {isa = PBXFileReference; lastKnownFileType = image.png; path = ja.png; sourceTree = "<group>"; };
		2680CD780F6617A400274EFD /* ka.png */ = {isa = PBXFileReference; lastKnownFileType = image.png; path = ka.png; sourceTree = "<group>"; };
		2680CD790F6617A400274EFD /* kk.png */ = {isa = PBXFileReference; lastKnownFileType = image.png; path = kk.png; sourceTree = "<group>"; };
		2680CD7A0F6617A400274EFD /* ko.png */ = {isa = PBXFileReference; lastKnownFileType = image.png; path = ko.png; sourceTree = "<group>"; };
		2680CD7B0F6617A400274EFD /* lb.png */ = {isa = PBXFileReference; lastKnownFileType = image.png; path = lb.png; sourceTree = "<group>"; };
		2680CD7C0F6617A400274EFD /* lt.png */ = {isa = PBXFileReference; lastKnownFileType = image.png; path = lt.png; sourceTree = "<group>"; };
		2680CD7D0F6617A400274EFD /* lv.png */ = {isa = PBXFileReference; lastKnownFileType = image.png; path = lv.png; sourceTree = "<group>"; };
		2680CD7E0F6617A400274EFD /* mk.png */ = {isa = PBXFileReference; lastKnownFileType = image.png; path = mk.png; sourceTree = "<group>"; };
		2680CD7F0F6617A400274EFD /* ms.png */ = {isa = PBXFileReference; lastKnownFileType = image.png; path = ms.png; sourceTree = "<group>"; };
		2680CD800F6617A400274EFD /* nl.png */ = {isa = PBXFileReference; lastKnownFileType = image.png; path = nl.png; sourceTree = "<group>"; };
		2680CD810F6617A400274EFD /* no.png */ = {isa = PBXFileReference; lastKnownFileType = image.png; path = no.png; sourceTree = "<group>"; };
		2680CD820F6617A400274EFD /* pb.png */ = {isa = PBXFileReference; lastKnownFileType = image.png; path = pb.png; sourceTree = "<group>"; };
		2680CD830F6617A400274EFD /* pl.png */ = {isa = PBXFileReference; lastKnownFileType = image.png; path = pl.png; sourceTree = "<group>"; };
		2680CD840F6617A400274EFD /* pt.png */ = {isa = PBXFileReference; lastKnownFileType = image.png; path = pt.png; sourceTree = "<group>"; };
		2680CD850F6617A400274EFD /* ro.png */ = {isa = PBXFileReference; lastKnownFileType = image.png; path = ro.png; sourceTree = "<group>"; };
		2680CD860F6617A400274EFD /* ru.png */ = {isa = PBXFileReference; lastKnownFileType = image.png; path = ru.png; sourceTree = "<group>"; };
		2680CD870F6617A400274EFD /* sk.png */ = {isa = PBXFileReference; lastKnownFileType = image.png; path = sk.png; sourceTree = "<group>"; };
		2680CD880F6617A400274EFD /* sl.png */ = {isa = PBXFileReference; lastKnownFileType = image.png; path = sl.png; sourceTree = "<group>"; };
		2680CD890F6617A400274EFD /* sq.png */ = {isa = PBXFileReference; lastKnownFileType = image.png; path = sq.png; sourceTree = "<group>"; };
		2680CD8A0F6617A400274EFD /* sr.png */ = {isa = PBXFileReference; lastKnownFileType = image.png; path = sr.png; sourceTree = "<group>"; };
		2680CD8B0F6617A400274EFD /* sv.png */ = {isa = PBXFileReference; lastKnownFileType = image.png; path = sv.png; sourceTree = "<group>"; };
		2680CD8C0F6617A400274EFD /* th.png */ = {isa = PBXFileReference; lastKnownFileType = image.png; path = th.png; sourceTree = "<group>"; };
		2680CD8D0F6617A400274EFD /* tr.png */ = {isa = PBXFileReference; lastKnownFileType = image.png; path = tr.png; sourceTree = "<group>"; };
		2680CD8E0F6617A400274EFD /* uk.png */ = {isa = PBXFileReference; lastKnownFileType = image.png; path = uk.png; sourceTree = "<group>"; };
		2680CD8F0F6617A400274EFD /* vi.png */ = {isa = PBXFileReference; lastKnownFileType = image.png; path = vi.png; sourceTree = "<group>"; };
		2680CD900F6617A400274EFD /* zh.png */ = {isa = PBXFileReference; lastKnownFileType = image.png; path = zh.png; sourceTree = "<group>"; };
		26EC9EF40F6B3DFC0045F973 /* unknown.png */ = {isa = PBXFileReference; lastKnownFileType = image.png; path = unknown.png; sourceTree = "<group>"; };
		26EFE7930F31E8FA00B1B95F /* Rakefile */ = {isa = PBXFileReference; fileEncoding = 4; lastKnownFileType = text; path = Rakefile; sourceTree = "<group>"; };
		29B97319FDCFA39411CA2CEA /* English */ = {isa = PBXFileReference; lastKnownFileType = wrapper.nib; name = English; path = English.lproj/MainMenu.nib; sourceTree = "<group>"; };
		29B97324FDCFA39411CA2CEA /* AppKit.framework */ = {isa = PBXFileReference; lastKnownFileType = wrapper.framework; name = AppKit.framework; path = /System/Library/Frameworks/AppKit.framework; sourceTree = "<absolute>"; };
		29B97325FDCFA39411CA2CEA /* Foundation.framework */ = {isa = PBXFileReference; lastKnownFileType = wrapper.framework; name = Foundation.framework; path = /System/Library/Frameworks/Foundation.framework; sourceTree = "<absolute>"; };
		4DDCA7110ACC9A6100E082CE /* Info.plist */ = {isa = PBXFileReference; lastKnownFileType = text.plist.xml; path = Info.plist; sourceTree = "<group>"; };
		4DDCA7120ACC9A6100E082CE /* Undertext.app */ = {isa = PBXFileReference; explicitFileType = wrapper.application; includeInIndex = 0; path = Undertext.app; sourceTree = BUILT_PRODUCTS_DIR; };
		E8F5E24E03AEB6EC03A81C6F /* RubyCocoa.framework */ = {isa = PBXFileReference; lastKnownFileType = wrapper.framework; name = RubyCocoa.framework; path = /System/Library/Frameworks/RubyCocoa.framework; sourceTree = "<absolute>"; };
/* End PBXFileReference section */

/* Begin PBXFrameworksBuildPhase section */
		4DDCA70B0ACC9A6100E082CE /* Frameworks */ = {
			isa = PBXFrameworksBuildPhase;
			buildActionMask = 2147483647;
			files = (
				267795930F8C1CED00ADFA7E /* BWToolkitFramework.framework in Frameworks */,
				267795940F8C1CED00ADFA7E /* Sparkle.framework in Frameworks */,
				4DDCA70C0ACC9A6100E082CE /* Cocoa.framework in Frameworks */,
				4DDCA70D0ACC9A6100E082CE /* RubyCocoa.framework in Frameworks */,
				265F16500FA87B07009203C7 /* EMKeychain.framework in Frameworks */,
				02E046DD104867FD00C5C0EE /* XMLRPC.framework in Frameworks */,
			);
			runOnlyForDeploymentPostprocessing = 0;
		};
/* End PBXFrameworksBuildPhase section */

/* Begin PBXGroup section */
		020A3639104861CA00C76517 /* Classes */ = {
			isa = PBXGroup;
			children = (
				020A363A104861CA00C76517 /* Controllers */,
				020A363F104861CA00C76517 /* Helpers */,
				020A3642104861CA00C76517 /* Models */,
				020A3647104861CA00C76517 /* Views */,
			);
			path = Classes;
			sourceTree = "<group>";
		};
		020A363A104861CA00C76517 /* Controllers */ = {
			isa = PBXGroup;
			children = (
				020A363B104861CA00C76517 /* AppController.rb */,
				020A363C104861CA00C76517 /* InfoWindowController.rb */,
				020A363D104861CA00C76517 /* PreferencesWindowController.rb */,
				020A363E104861CA00C76517 /* ResultsController.rb */,
			);
			path = Controllers;
			sourceTree = "<group>";
		};
		020A363F104861CA00C76517 /* Helpers */ = {
			isa = PBXGroup;
			children = (
				020A3640104861CA00C76517 /* Client.rb */,
			);
			path = Helpers;
			sourceTree = "<group>";
		};
		020A3642104861CA00C76517 /* Models */ = {
			isa = PBXGroup;
			children = (
				020A3643104861CA00C76517 /* Language.rb */,
				020A3644104861CA00C76517 /* Movie.rb */,
				020A3645104861CA00C76517 /* Subtitle.rb */,
			);
			path = Models;
			sourceTree = "<group>";
		};
		020A3647104861CA00C76517 /* Views */ = {
			isa = PBXGroup;
			children = (
				020A3648104861CA00C76517 /* ResultsOutlineView.rb */,
			);
			path = Views;
			sourceTree = "<group>";
		};
		1058C7A0FEA54F0111CA2CBB /* Linked Frameworks */ = {
			isa = PBXGroup;
			children = (
				02E046DC104867FD00C5C0EE /* XMLRPC.framework */,
				265F164F0FA87B07009203C7 /* EMKeychain.framework */,
				265771120F8AC0FD00C5921F /* BWToolkitFramework.framework */,
				2613C14C0F6A0AF40057DB8A /* Sparkle.framework */,
				1058C7A1FEA54F0111CA2CBB /* Cocoa.framework */,
				E8F5E24E03AEB6EC03A81C6F /* RubyCocoa.framework */,
			);
			name = "Linked Frameworks";
			sourceTree = "<group>";
		};
		1058C7A2FEA54F0111CA2CBB /* Other Frameworks */ = {
			isa = PBXGroup;
			children = (
				29B97325FDCFA39411CA2CEA /* Foundation.framework */,
				29B97324FDCFA39411CA2CEA /* AppKit.framework */,
			);
			name = "Other Frameworks";
			sourceTree = "<group>";
		};
		19C28FACFE9D520D11CA2CBB /* Products */ = {
			isa = PBXGroup;
			children = (
				4DDCA7120ACC9A6100E082CE /* Undertext.app */,
			);
			name = Products;
			sourceTree = "<group>";
		};
		2680CD5E0F6617A400274EFD /* flags */ = {
			isa = PBXGroup;
			children = (
				26EC9EF40F6B3DFC0045F973 /* unknown.png */,
				2680CD5F0F6617A400274EFD /* ar.png */,
				2680CD600F6617A400274EFD /* ay.png */,
				2680CD610F6617A400274EFD /* bg.png */,
				2680CD620F6617A400274EFD /* bs.png */,
				2680CD630F6617A400274EFD /* ca.png */,
				2680CD640F6617A400274EFD /* cs.png */,
				2680CD650F6617A400274EFD /* da.png */,
				2680CD660F6617A400274EFD /* de.png */,
				2680CD670F6617A400274EFD /* el.png */,
				2680CD680F6617A400274EFD /* en.png */,
				2680CD690F6617A400274EFD /* es.png */,
				2680CD6A0F6617A400274EFD /* et.png */,
				2680CD6B0F6617A400274EFD /* fa.png */,
				2680CD6C0F6617A400274EFD /* fi.png */,
				2680CD6D0F6617A400274EFD /* fr.png */,
				2680CD6E0F6617A400274EFD /* gl.png */,
				2680CD6F0F6617A400274EFD /* he.png */,
				2680CD700F6617A400274EFD /* hi.png */,
				2680CD710F6617A400274EFD /* hr.png */,
				2680CD720F6617A400274EFD /* hu.png */,
				2680CD730F6617A400274EFD /* hy.png */,
				2680CD740F6617A400274EFD /* id.png */,
				2680CD750F6617A400274EFD /* is.png */,
				2680CD760F6617A400274EFD /* it.png */,
				2680CD770F6617A400274EFD /* ja.png */,
				2680CD780F6617A400274EFD /* ka.png */,
				2680CD790F6617A400274EFD /* kk.png */,
				2680CD7A0F6617A400274EFD /* ko.png */,
				2680CD7B0F6617A400274EFD /* lb.png */,
				2680CD7C0F6617A400274EFD /* lt.png */,
				2680CD7D0F6617A400274EFD /* lv.png */,
				2680CD7E0F6617A400274EFD /* mk.png */,
				2680CD7F0F6617A400274EFD /* ms.png */,
				2680CD800F6617A400274EFD /* nl.png */,
				2680CD810F6617A400274EFD /* no.png */,
				2680CD820F6617A400274EFD /* pb.png */,
				2680CD830F6617A400274EFD /* pl.png */,
				2680CD840F6617A400274EFD /* pt.png */,
				2680CD850F6617A400274EFD /* ro.png */,
				2680CD860F6617A400274EFD /* ru.png */,
				2680CD870F6617A400274EFD /* sk.png */,
				2680CD880F6617A400274EFD /* sl.png */,
				2680CD890F6617A400274EFD /* sq.png */,
				2680CD8A0F6617A400274EFD /* sr.png */,
				2680CD8B0F6617A400274EFD /* sv.png */,
				2680CD8C0F6617A400274EFD /* th.png */,
				2680CD8D0F6617A400274EFD /* tr.png */,
				2680CD8E0F6617A400274EFD /* uk.png */,
				2680CD8F0F6617A400274EFD /* vi.png */,
				2680CD900F6617A400274EFD /* zh.png */,
			);
			path = flags;
			sourceTree = "<group>";
		};
		29B97314FDCFA39411CA2CEA /* Undertext */ = {
			isa = PBXGroup;
			children = (
				020A3639104861CA00C76517 /* Classes */,
				29B97315FDCFA39411CA2CEA /* Other Sources */,
				29B97317FDCFA39411CA2CEA /* Resources */,
				29B97323FDCFA39411CA2CEA /* Frameworks */,
				19C28FACFE9D520D11CA2CBB /* Products */,
				4DDCA7110ACC9A6100E082CE /* Info.plist */,
				265F161F0FA8715E009203C7 /* Acknowledgments.rtf */,
				265F16200FA8715E009203C7 /* License.rtf */,
				265F16230FA87168009203C7 /* Readme.rtf */,
				26EFE7930F31E8FA00B1B95F /* Rakefile */,
			);
			name = Undertext;
			sourceTree = "<group>";
		};
		29B97315FDCFA39411CA2CEA /* Other Sources */ = {
			isa = PBXGroup;
			children = (
				020A3641104861CA00C76517 /* main.m */,
				020A3646104861CA00C76517 /* rb_main.rb */,
			);
			name = "Other Sources";
			sourceTree = "<group>";
		};
		29B97317FDCFA39411CA2CEA /* Resources */ = {
			isa = PBXGroup;
			children = (
				26346C330F6A1C0C00CCAF71 /* dsa_pub.pem */,
				2680CD5E0F6617A400274EFD /* flags */,
				29B97318FDCFA39411CA2CEA /* MainMenu.nib */,
				089C165CFE840E0CC02AAC07 /* InfoPlist.strings */,
			);
			path = Resources;
			sourceTree = "<group>";
		};
		29B97323FDCFA39411CA2CEA /* Frameworks */ = {
			isa = PBXGroup;
			children = (
				1058C7A0FEA54F0111CA2CBB /* Linked Frameworks */,
				1058C7A2FEA54F0111CA2CBB /* Other Frameworks */,
			);
			path = Frameworks;
			sourceTree = "<group>";
		};
/* End PBXGroup section */

/* Begin PBXHeadersBuildPhase section */
		4DDCA7040ACC9A6100E082CE /* Headers */ = {
			isa = PBXHeadersBuildPhase;
			buildActionMask = 2147483647;
			files = (
			);
			runOnlyForDeploymentPostprocessing = 0;
		};
/* End PBXHeadersBuildPhase section */

/* Begin PBXNativeTarget section */
		4DDCA7030ACC9A6100E082CE /* Undertext */ = {
			isa = PBXNativeTarget;
			buildConfigurationList = 4DDCA70E0ACC9A6100E082CE /* Build configuration list for PBXNativeTarget "Undertext" */;
			buildPhases = (
				4DDCA7040ACC9A6100E082CE /* Headers */,
				4DDCA7050ACC9A6100E082CE /* Resources */,
				4DDCA7090ACC9A6100E082CE /* Sources */,
				4DDCA70B0ACC9A6100E082CE /* Frameworks */,
				2613C16D0F6A0B150057DB8A /* CopyFiles */,
			);
			buildRules = (
			);
			dependencies = (
			);
			name = Undertext;
			productInstallPath = "$(HOME)/Applications";
			productName = Undertext;
			productReference = 4DDCA7120ACC9A6100E082CE /* Undertext.app */;
			productType = "com.apple.product-type.application";
		};
/* End PBXNativeTarget section */

/* Begin PBXProject section */
		29B97313FDCFA39411CA2CEA /* Project object */ = {
			isa = PBXProject;
			buildConfigurationList = 4D7A7B570ABF745500C2D4C0 /* Build configuration list for PBXProject "Undertext" */;
			compatibilityVersion = "Xcode 3.0";
			hasScannedForEncodings = 0;
			mainGroup = 29B97314FDCFA39411CA2CEA /* Undertext */;
			projectDirPath = "";
			projectRoot = "";
			targets = (
				4DDCA7030ACC9A6100E082CE /* Undertext */,
			);
		};
/* End PBXProject section */

/* Begin PBXResourcesBuildPhase section */
		4DDCA7050ACC9A6100E082CE /* Resources */ = {
			isa = PBXResourcesBuildPhase;
			buildActionMask = 2147483647;
			files = (
				4DDCA7060ACC9A6100E082CE /* MainMenu.nib in Resources */,
				4DDCA7070ACC9A6100E082CE /* InfoPlist.strings in Resources */,
				26EFE7960F31E8FA00B1B95F /* Rakefile in Resources */,
				2680CD910F6617A400274EFD /* ar.png in Resources */,
				2680CD920F6617A400274EFD /* ay.png in Resources */,
				2680CD930F6617A400274EFD /* bg.png in Resources */,
				2680CD940F6617A400274EFD /* bs.png in Resources */,
				2680CD950F6617A400274EFD /* ca.png in Resources */,
				2680CD960F6617A400274EFD /* cs.png in Resources */,
				2680CD970F6617A400274EFD /* da.png in Resources */,
				2680CD980F6617A400274EFD /* de.png in Resources */,
				2680CD990F6617A400274EFD /* el.png in Resources */,
				2680CD9A0F6617A400274EFD /* en.png in Resources */,
				2680CD9B0F6617A400274EFD /* es.png in Resources */,
				2680CD9C0F6617A400274EFD /* et.png in Resources */,
				2680CD9D0F6617A400274EFD /* fa.png in Resources */,
				2680CD9E0F6617A400274EFD /* fi.png in Resources */,
				2680CD9F0F6617A400274EFD /* fr.png in Resources */,
				2680CDA00F6617A400274EFD /* gl.png in Resources */,
				2680CDA10F6617A400274EFD /* he.png in Resources */,
				2680CDA20F6617A400274EFD /* hi.png in Resources */,
				2680CDA30F6617A400274EFD /* hr.png in Resources */,
				2680CDA40F6617A400274EFD /* hu.png in Resources */,
				2680CDA50F6617A400274EFD /* hy.png in Resources */,
				2680CDA60F6617A400274EFD /* id.png in Resources */,
				2680CDA70F6617A400274EFD /* is.png in Resources */,
				2680CDA80F6617A400274EFD /* it.png in Resources */,
				2680CDA90F6617A400274EFD /* ja.png in Resources */,
				2680CDAA0F6617A400274EFD /* ka.png in Resources */,
				2680CDAB0F6617A400274EFD /* kk.png in Resources */,
				2680CDAC0F6617A400274EFD /* ko.png in Resources */,
				2680CDAD0F6617A400274EFD /* lb.png in Resources */,
				2680CDAE0F6617A400274EFD /* lt.png in Resources */,
				2680CDAF0F6617A400274EFD /* lv.png in Resources */,
				2680CDB00F6617A400274EFD /* mk.png in Resources */,
				2680CDB10F6617A400274EFD /* ms.png in Resources */,
				2680CDB20F6617A400274EFD /* nl.png in Resources */,
				2680CDB30F6617A400274EFD /* no.png in Resources */,
				2680CDB40F6617A400274EFD /* pb.png in Resources */,
				2680CDB50F6617A400274EFD /* pl.png in Resources */,
				2680CDB60F6617A400274EFD /* pt.png in Resources */,
				2680CDB70F6617A400274EFD /* ro.png in Resources */,
				2680CDB80F6617A400274EFD /* ru.png in Resources */,
				2680CDB90F6617A400274EFD /* sk.png in Resources */,
				2680CDBA0F6617A400274EFD /* sl.png in Resources */,
				2680CDBB0F6617A400274EFD /* sq.png in Resources */,
				2680CDBC0F6617A400274EFD /* sr.png in Resources */,
				2680CDBD0F6617A400274EFD /* sv.png in Resources */,
				2680CDBE0F6617A400274EFD /* th.png in Resources */,
				2680CDBF0F6617A400274EFD /* tr.png in Resources */,
				2680CDC00F6617A400274EFD /* uk.png in Resources */,
				2680CDC10F6617A400274EFD /* vi.png in Resources */,
				2680CDC20F6617A400274EFD /* zh.png in Resources */,
				26346C340F6A1C0C00CCAF71 /* dsa_pub.pem in Resources */,
				26EC9EF50F6B3DFC0045F973 /* unknown.png in Resources */,
				265F16210FA8715E009203C7 /* Acknowledgments.rtf in Resources */,
				265F16220FA8715E009203C7 /* License.rtf in Resources */,
				265F16240FA87168009203C7 /* Readme.rtf in Resources */,
				020A3649104861CA00C76517 /* AppController.rb in Resources */,
				020A364A104861CA00C76517 /* InfoWindowController.rb in Resources */,
				020A364B104861CA00C76517 /* PreferencesWindowController.rb in Resources */,
				020A364C104861CA00C76517 /* ResultsController.rb in Resources */,
				020A364D104861CA00C76517 /* Client.rb in Resources */,
				020A364F104861CA00C76517 /* Language.rb in Resources */,
				020A3650104861CA00C76517 /* Movie.rb in Resources */,
				020A3651104861CA00C76517 /* Subtitle.rb in Resources */,
				020A3652104861CA00C76517 /* rb_main.rb in Resources */,
				020A3653104861CA00C76517 /* ResultsOutlineView.rb in Resources */,
			);
			runOnlyForDeploymentPostprocessing = 0;
		};
/* End PBXResourcesBuildPhase section */

/* Begin PBXSourcesBuildPhase section */
		4DDCA7090ACC9A6100E082CE /* Sources */ = {
			isa = PBXSourcesBuildPhase;
			buildActionMask = 2147483647;
			files = (
				020A364E104861CA00C76517 /* main.m in Sources */,
			);
			runOnlyForDeploymentPostprocessing = 0;
		};
/* End PBXSourcesBuildPhase section */

/* Begin PBXVariantGroup section */
		089C165CFE840E0CC02AAC07 /* InfoPlist.strings */ = {
			isa = PBXVariantGroup;
			children = (
				089C165DFE840E0CC02AAC07 /* English */,
			);
			name = InfoPlist.strings;
			sourceTree = "<group>";
		};
		29B97318FDCFA39411CA2CEA /* MainMenu.nib */ = {
			isa = PBXVariantGroup;
			children = (
				29B97319FDCFA39411CA2CEA /* English */,
			);
			name = MainMenu.nib;
			sourceTree = "<group>";
		};
/* End PBXVariantGroup section */

/* Begin XCBuildConfiguration section */
		4D7A7B580ABF745500C2D4C0 /* Debug */ = {
			isa = XCBuildConfiguration;
			buildSettings = {
				GCC_WARN_ABOUT_RETURN_TYPE = YES;
				GCC_WARN_UNUSED_VARIABLE = YES;
				PREBINDING = NO;
				SDKROOT = "$(DEVELOPER_SDK_DIR)/MacOSX10.5.sdk";
			};
			name = Debug;
		};
		4D7A7B590ABF745500C2D4C0 /* Release */ = {
			isa = XCBuildConfiguration;
			buildSettings = {
				ARCHS = (
					ppc,
					i386,
				);
				DEBUG_INFORMATION_FORMAT = "dwarf-with-dsym";
				GCC_WARN_ABOUT_RETURN_TYPE = YES;
				GCC_WARN_UNUSED_VARIABLE = YES;
				PREBINDING = NO;
				SDKROOT = "$(DEVELOPER_SDK_DIR)/MacOSX10.5.sdk";
			};
			name = Release;
		};
		4DDCA70F0ACC9A6100E082CE /* Debug */ = {
			isa = XCBuildConfiguration;
			buildSettings = {
				COPY_PHASE_STRIP = NO;
				FRAMEWORK_SEARCH_PATHS = (
					"$(inherited)",
					"\"$(SRCROOT)\"",
					"\"$(SRCROOT)/../HMBlkAppKit1.1\"",
					"\"$(SRCROOT)/Frameworks\"",
				);
				GCC_DYNAMIC_NO_PIC = NO;
				GCC_ENABLE_FIX_AND_CONTINUE = YES;
				GCC_MODEL_TUNING = G5;
				GCC_OPTIMIZATION_LEVEL = 0;
				INFOPLIST_FILE = Info.plist;
				INSTALL_PATH = "$(HOME)/Applications";
				PRODUCT_NAME = Undertext;
				WRAPPER_EXTENSION = app;
				ZERO_LINK = YES;
			};
			name = Debug;
		};
		4DDCA7100ACC9A6100E082CE /* Release */ = {
			isa = XCBuildConfiguration;
			buildSettings = {
				ARCHS = (
					ppc,
					i386,
				);
				FRAMEWORK_SEARCH_PATHS = (
					"$(inherited)",
					"\"$(SRCROOT)\"",
					"\"$(SRCROOT)/../HMBlkAppKit1.1\"",
					"\"$(SRCROOT)/Frameworks\"",
				);
				GCC_MODEL_TUNING = G5;
				INFOPLIST_FILE = Info.plist;
				INSTALL_PATH = "$(HOME)/Applications";
				PRODUCT_NAME = Undertext;
				WRAPPER_EXTENSION = app;
			};
			name = Release;
		};
/* End XCBuildConfiguration section */

/* Begin XCConfigurationList section */
		4D7A7B570ABF745500C2D4C0 /* Build configuration list for PBXProject "Undertext" */ = {
			isa = XCConfigurationList;
			buildConfigurations = (
				4D7A7B580ABF745500C2D4C0 /* Debug */,
				4D7A7B590ABF745500C2D4C0 /* Release */,
			);
			defaultConfigurationIsVisible = 0;
			defaultConfigurationName = Release;
		};
		4DDCA70E0ACC9A6100E082CE /* Build configuration list for PBXNativeTarget "Undertext" */ = {
			isa = XCConfigurationList;
			buildConfigurations = (
				4DDCA70F0ACC9A6100E082CE /* Debug */,
				4DDCA7100ACC9A6100E082CE /* Release */,
			);
			defaultConfigurationIsVisible = 0;
			defaultConfigurationName = Release;
		};
/* End XCConfigurationList section */
	};
	rootObject = 29B97313FDCFA39411CA2CEA /* Project object */;
}
